
Microsoft Visual Studio Solution File, Format Version 12.00
# Visual Studio Version 16
VisualStudioVersion = 16.0.30413.136
MinimumVisualStudioVersion = 10.0.40219.1
Project("{FAE04EC0-301F-11D3-BF4B-00C04F79EFBC}") = "SalesTransaction.Model", "SalesTransaction.Model.csproj", "{2856772E-D988-4AF0-A0FE-C02EE858FD9F}"
EndProject
Project("{FAE04EC0-301F-11D3-BF4B-00C04F79EFBC}") = "SalesTransaction.Service", "..\SalesTransaction.Service\SalesTransaction.Service.csproj", "{05829EB0-D49C-4013-B95A-2AC0CF4937A8}"
EndProject
Project("{FAE04EC0-301F-11D3-BF4B-00C04F79EFBC}") = "SalesTransaction.DataAcess", "..\SalesTransaction.DataAcess\SalesTransaction.DataAcess.csproj", "{794F56FB-EADC-4460-886A-C608041BEA73}"
EndProject
Project("{FAE04EC0-301F-11D3-BF4B-00C04F79EFBC}") = "SalesTransaction.WebAPI", "..\SalesTransaction.WebAPI\SalesTransaction.WebAPI.csproj", "{385FAFC0-2390-4524-97A7-23CD8EBA101F}"
EndProject
Project("{FAE04EC0-301F-11D3-BF4B-00C04F79EFBC}") = "SalesTransaction.Web", "..\SalesTransaction.Web\SalesTransaction.Web.csproj", "{521714AA-1EEE-4E14-8C93-921615021AB5}"
EndProject
Global
	GlobalSection(SolutionConfigurationPlatforms) = preSolution
		Debug|Any CPU = Debug|Any CPU
		Release|Any CPU = Release|Any CPU
	EndGlobalSection
	GlobalSection(ProjectConfigurationPlatforms) = postSolution
		{2856772E-D988-4AF0-A0FE-C02EE858FD9F}.Debug|Any CPU.ActiveCfg = Debug|Any CPU
		{2856772E-D988-4AF0-A0FE-C02EE858FD9F}.Debug|Any CPU.Build.0 = Debug|Any CPU
		{2856772E-D988-4AF0-A0FE-C02EE858FD9F}.Release|Any CPU.ActiveCfg = Release|Any CPU
		{2856772E-D988-4AF0-A0FE-C02EE858FD9F}.Release|Any CPU.Build.0 = Release|Any CPU
		{05829EB0-D49C-4013-B95A-2AC0CF4937A8}.Debug|Any CPU.ActiveCfg = Debug|Any CPU
		{05829EB0-D49C-4013-B95A-2AC0CF4937A8}.Debug|Any CPU.Build.0 = Debug|Any CPU
		{05829EB0-D49C-4013-B95A-2AC0CF4937A8}.Release|Any CPU.ActiveCfg = Release|Any CPU
		{05829EB0-D49C-4013-B95A-2AC0CF4937A8}.Release|Any CPU.Build.0 = Release|Any CPU
		{794F56FB-EADC-4460-886A-C608041BEA73}.Debug|Any CPU.ActiveCfg = Debug|Any CPU
		{794F56FB-EADC-4460-886A-C608041BEA73}.Debug|Any CPU.Build.0 = Debug|Any CPU
		{794F56FB-EADC-4460-886A-C608041BEA73}.Release|Any CPU.ActiveCfg = Release|Any CPU
		{794F56FB-EADC-4460-886A-C608041BEA73}.Release|Any CPU.Build.0 = Release|Any CPU
		{385FAFC0-2390-4524-97A7-23CD8EBA101F}.Debug|Any CPU.ActiveCfg = Debug|Any CPU
		{385FAFC0-2390-4524-97A7-23CD8EBA101F}.Debug|Any CPU.Build.0 = Debug|Any CPU
		{385FAFC0-2390-4524-97A7-23CD8EBA101F}.Release|Any CPU.ActiveCfg = Release|Any CPU
		{385FAFC0-2390-4524-97A7-23CD8EBA101F}.Release|Any CPU.Build.0 = Release|Any CPU
		{521714AA-1EEE-4E14-8C93-921615021AB5}.Debug|Any CPU.ActiveCfg = Debug|Any CPU
		{521714AA-1EEE-4E14-8C93-921615021AB5}.Debug|Any CPU.Build.0 = Debug|Any CPU
		{521714AA-1EEE-4E14-8C93-921615021AB5}.Release|Any CPU.ActiveCfg = Release|Any CPU
		{521714AA-1EEE-4E14-8C93-921615021AB5}.Release|Any CPU.Build.0 = Release|Any CPU
	EndGlobalSection
	GlobalSection(SolutionProperties) = preSolution
		HideSolutionNode = FALSE
	EndGlobalSection
	GlobalSection(ExtensibilityGlobals) = postSolution
		SolutionGuid = {21A7F7B8-66A7-41E0-AA3C-87748A07B6E4}
	EndGlobalSection
EndGlobal
